
Microsoft Visual Studio Solution File, Format Version 12.00
# Visual Studio Version 17
VisualStudioVersion = 17.13.35818.85 d17.13
MinimumVisualStudioVersion = 10.0.40219.1
Project("{FAE04EC0-301F-11D3-BF4B-00C04F79EFBC}") = "alisveris", "alisveris.csproj", "{C3858145-6F8C-437F-A40C-613D3BEFF101}"
EndProject
Global
	GlobalSection(SolutionConfigurationPlatforms) = preSolution
		Debug|Any CPU = Debug|Any CPU
		Release|Any CPU = Release|Any CPU
	EndGlobalSection
	GlobalSection(ProjectConfigurationPlatforms) = postSolution
		{C3858145-6F8C-437F-A40C-613D3BEFF101}.Debug|Any CPU.ActiveCfg = Debug|Any CPU
		{C3858145-6F8C-437F-A40C-613D3BEFF101}.Debug|Any CPU.Build.0 = Debug|Any CPU
		{C3858145-6F8C-437F-A40C-613D3BEFF101}.Release|Any CPU.ActiveCfg = Release|Any CPU
		{C3858145-6F8C-437F-A40C-613D3BEFF101}.Release|Any CPU.Build.0 = Release|Any CPU
	EndGlobalSection
	GlobalSection(SolutionProperties) = preSolution
		HideSolutionNode = FALSE
	EndGlobalSection
	GlobalSection(ExtensibilityGlobals) = postSolution
		SolutionGuid = {74907D40-4C84-4EBA-8B5E-A9B2375E9875}
	EndGlobalSection
EndGlobal
